// !$*UTF8*$!
{
	archiveVersion = 1;
	classes = {
	};
	objectVersion = 48;
	objects = {

/* Begin PBXBuildFile section */
		170B03E520634397009C203B /* AppDelegate.m in Sources */ = {isa = PBXBuildFile; fileRef = 170B03E420634397009C203B /* AppDelegate.m */; };
		170B03E820634397009C203B /* ViewController.m in Sources */ = {isa = PBXBuildFile; fileRef = 170B03E720634397009C203B /* ViewController.m */; };
		170B03EB20634397009C203B /* Main.storyboard in Resources */ = {isa = PBXBuildFile; fileRef = 170B03E920634397009C203B /* Main.storyboard */; };
		170B03EE20634397009C203B /* ZZPBaiDuNaviDemo.xcdatamodeld in Sources */ = {isa = PBXBuildFile; fileRef = 170B03EC20634397009C203B /* ZZPBaiDuNaviDemo.xcdatamodeld */; };
		170B03F020634397009C203B /* Assets.xcassets in Resources */ = {isa = PBXBuildFile; fileRef = 170B03EF20634397009C203B /* Assets.xcassets */; };
		170B03F320634397009C203B /* LaunchScreen.storyboard in Resources */ = {isa = PBXBuildFile; fileRef = 170B03F120634397009C203B /* LaunchScreen.storyboard */; };
		170B03F620634397009C203B /* main.m in Sources */ = {isa = PBXBuildFile; fileRef = 170B03F520634397009C203B /* main.m */; };
		170B040020634397009C203B /* ZZPBaiDuNaviDemoTests.m in Sources */ = {isa = PBXBuildFile; fileRef = 170B03FF20634397009C203B /* ZZPBaiDuNaviDemoTests.m */; };
		170B040B20634397009C203B /* ZZPBaiDuNaviDemoUITests.m in Sources */ = {isa = PBXBuildFile; fileRef = 170B040A20634397009C203B /* ZZPBaiDuNaviDemoUITests.m */; };
		170B041A206344CA009C203B /* UserNotifications.framework in Frameworks */ = {isa = PBXBuildFile; fileRef = 170B0419206344CA009C203B /* UserNotifications.framework */; };
		170B041C206344D3009C203B /* AudioToolbox.framework in Frameworks */ = {isa = PBXBuildFile; fileRef = 170B041B206344D3009C203B /* AudioToolbox.framework */; };
		170B041E206344DC009C203B /* ImageIO.framework in Frameworks */ = {isa = PBXBuildFile; fileRef = 170B041D206344DC009C203B /* ImageIO.framework */; };
		170B0420206344E5009C203B /* CoreMotion.framework in Frameworks */ = {isa = PBXBuildFile; fileRef = 170B041F206344E5009C203B /* CoreMotion.framework */; };
		170B0422206344EF009C203B /* CoreLocation.framework in Frameworks */ = {isa = PBXBuildFile; fileRef = 170B0421206344EF009C203B /* CoreLocation.framework */; };
		170B0424206344F8009C203B /* CoreTelephony.framework in Frameworks */ = {isa = PBXBuildFile; fileRef = 170B0423206344F8009C203B /* CoreTelephony.framework */; };
		170B042620634500009C203B /* MediaPlayer.framework in Frameworks */ = {isa = PBXBuildFile; fileRef = 170B042520634500009C203B /* MediaPlayer.framework */; };
		170B042820634508009C203B /* AVFoundation.framework in Frameworks */ = {isa = PBXBuildFile; fileRef = 170B042720634508009C203B /* AVFoundation.framework */; };
		170B042A20634510009C203B /* SystemConfiguration.framework in Frameworks */ = {isa = PBXBuildFile; fileRef = 170B042920634510009C203B /* SystemConfiguration.framework */; };
		170B042C2063451A009C203B /* JavaScriptCore.framework in Frameworks */ = {isa = PBXBuildFile; fileRef = 170B042B2063451A009C203B /* JavaScriptCore.framework */; };
		170B042E20634522009C203B /* Security.framework in Frameworks */ = {isa = PBXBuildFile; fileRef = 170B042D20634522009C203B /* Security.framework */; };
		170B04302063452A009C203B /* OpenGLES.framework in Frameworks */ = {isa = PBXBuildFile; fileRef = 170B042F2063452A009C203B /* OpenGLES.framework */; };
		170B043220634533009C203B /* GLKit.framework in Frameworks */ = {isa = PBXBuildFile; fileRef = 170B043120634533009C203B /* GLKit.framework */; };
		170B043420634547009C203B /* libstdc++.6.0.9.tbd in Frameworks */ = {isa = PBXBuildFile; fileRef = 170B043320634547009C203B /* libstdc++.6.0.9.tbd */; };
		170B043620634562009C203B /* libc++.tbd in Frameworks */ = {isa = PBXBuildFile; fileRef = 170B043520634562009C203B /* libc++.tbd */; };
		170B04382063456D009C203B /* libsqlite3.0.tbd in Frameworks */ = {isa = PBXBuildFile; fileRef = 170B04372063456D009C203B /* libsqlite3.0.tbd */; };
		170B043A2063457C009C203B /* libz.1.2.5.tbd in Frameworks */ = {isa = PBXBuildFile; fileRef = 170B04392063457C009C203B /* libz.1.2.5.tbd */; };
		170B045820634997009C203B /* MainViewController.m in Sources */ = {isa = PBXBuildFile; fileRef = 170B045720634997009C203B /* MainViewController.m */; };
		170B045B206355B6009C203B /* PhoneGPSViewController.m in Sources */ = {isa = PBXBuildFile; fileRef = 170B045A206355B6009C203B /* PhoneGPSViewController.m */; };
		17CB1C292063A013005F6A5E /* updatelog.txt in Resources */ = {isa = PBXBuildFile; fileRef = 17CB1C182063A012005F6A5E /* updatelog.txt */; };
		17CB1C2A2063A013005F6A5E /* baiduNaviSDK.bundle in Resources */ = {isa = PBXBuildFile; fileRef = 17CB1C232063A012005F6A5E /* baiduNaviSDK.bundle */; };
		17CB1C2B2063A013005F6A5E /* baiduNaviSDK.xcassets in Resources */ = {isa = PBXBuildFile; fileRef = 17CB1C242063A012005F6A5E /* baiduNaviSDK.xcassets */; };
		17CB1C2C2063A013005F6A5E /* readme.txt in Resources */ = {isa = PBXBuildFile; fileRef = 17CB1C252063A012005F6A5E /* readme.txt */; };
		17CB1C2D2063A013005F6A5E /* libcrypto.a in Frameworks */ = {isa = PBXBuildFile; fileRef = 17CB1C272063A013005F6A5E /* libcrypto.a */; };
		17CB1C2E2063A013005F6A5E /* libssl.a in Frameworks */ = {isa = PBXBuildFile; fileRef = 17CB1C282063A013005F6A5E /* libssl.a */; };
/* End PBXBuildFile section */

/* Begin PBXContainerItemProxy section */
		170B03FC20634397009C203B /* PBXContainerItemProxy */ = {
			isa = PBXContainerItemProxy;
			containerPortal = 170B03D820634397009C203B /* Project object */;
			proxyType = 1;
			remoteGlobalIDString = 170B03DF20634397009C203B;
			remoteInfo = ZZPBaiDuNaviDemo;
		};
		170B040720634397009C203B /* PBXContainerItemProxy */ = {
			isa = PBXContainerItemProxy;
			containerPortal = 170B03D820634397009C203B /* Project object */;
			proxyType = 1;
			remoteGlobalIDString = 170B03DF20634397009C203B;
			remoteInfo = ZZPBaiDuNaviDemo;
		};
/* End PBXContainerItemProxy section */

/* Begin PBXFileReference section */
		170B03E020634397009C203B /* ZZPBaiDuNaviDemo.app */ = {isa = PBXFileReference; explicitFileType = wrapper.application; includeInIndex = 0; path = ZZPBaiDuNaviDemo.app; sourceTree = BUILT_PRODUCTS_DIR; };
		170B03E320634397009C203B /* AppDelegate.h */ = {isa = PBXFileReference; lastKnownFileType = sourcecode.c.h; path = AppDelegate.h; sourceTree = "<group>"; };
		170B03E420634397009C203B /* AppDelegate.m */ = {isa = PBXFileReference; lastKnownFileType = sourcecode.c.objc; path = AppDelegate.m; sourceTree = "<group>"; };
		170B03E620634397009C203B /* ViewController.h */ = {isa = PBXFileReference; lastKnownFileType = sourcecode.c.h; path = ViewController.h; sourceTree = "<group>"; };
		170B03E720634397009C203B /* ViewController.m */ = {isa = PBXFileReference; lastKnownFileType = sourcecode.c.objc; path = ViewController.m; sourceTree = "<group>"; };
		170B03EA20634397009C203B /* Base */ = {isa = PBXFileReference; lastKnownFileType = file.storyboard; name = Base; path = Base.lproj/Main.storyboard; sourceTree = "<group>"; };
		170B03ED20634397009C203B /* ZZPBaiDuNaviDemo.xcdatamodel */ = {isa = PBXFileReference; lastKnownFileType = wrapper.xcdatamodel; path = ZZPBaiDuNaviDemo.xcdatamodel; sourceTree = "<group>"; };
		170B03EF20634397009C203B /* Assets.xcassets */ = {isa = PBXFileReference; lastKnownFileType = folder.assetcatalog; path = Assets.xcassets; sourceTree = "<group>"; };
		170B03F220634397009C203B /* Base */ = {isa = PBXFileReference; lastKnownFileType = file.storyboard; name = Base; path = Base.lproj/LaunchScreen.storyboard; sourceTree = "<group>"; };
		170B03F420634397009C203B /* Info.plist */ = {isa = PBXFileReference; lastKnownFileType = text.plist.xml; path = Info.plist; sourceTree = "<group>"; };
		170B03F520634397009C203B /* main.m */ = {isa = PBXFileReference; lastKnownFileType = sourcecode.c.objc; path = main.m; sourceTree = "<group>"; };
		170B03FB20634397009C203B /* ZZPBaiDuNaviDemoTests.xctest */ = {isa = PBXFileReference; explicitFileType = wrapper.cfbundle; includeInIndex = 0; path = ZZPBaiDuNaviDemoTests.xctest; sourceTree = BUILT_PRODUCTS_DIR; };
		170B03FF20634397009C203B /* ZZPBaiDuNaviDemoTests.m */ = {isa = PBXFileReference; lastKnownFileType = sourcecode.c.objc; path = ZZPBaiDuNaviDemoTests.m; sourceTree = "<group>"; };
		170B040120634397009C203B /* Info.plist */ = {isa = PBXFileReference; lastKnownFileType = text.plist.xml; path = Info.plist; sourceTree = "<group>"; };
		170B040620634397009C203B /* ZZPBaiDuNaviDemoUITests.xctest */ = {isa = PBXFileReference; explicitFileType = wrapper.cfbundle; includeInIndex = 0; path = ZZPBaiDuNaviDemoUITests.xctest; sourceTree = BUILT_PRODUCTS_DIR; };
		170B040A20634397009C203B /* ZZPBaiDuNaviDemoUITests.m */ = {isa = PBXFileReference; lastKnownFileType = sourcecode.c.objc; path = ZZPBaiDuNaviDemoUITests.m; sourceTree = "<group>"; };
		170B040C20634397009C203B /* Info.plist */ = {isa = PBXFileReference; lastKnownFileType = text.plist.xml; path = Info.plist; sourceTree = "<group>"; };
		170B0419206344CA009C203B /* UserNotifications.framework */ = {isa = PBXFileReference; lastKnownFileType = wrapper.framework; name = UserNotifications.framework; path = System/Library/Frameworks/UserNotifications.framework; sourceTree = SDKROOT; };
		170B041B206344D3009C203B /* AudioToolbox.framework */ = {isa = PBXFileReference; lastKnownFileType = wrapper.framework; name = AudioToolbox.framework; path = System/Library/Frameworks/AudioToolbox.framework; sourceTree = SDKROOT; };
		170B041D206344DC009C203B /* ImageIO.framework */ = {isa = PBXFileReference; lastKnownFileType = wrapper.framework; name = ImageIO.framework; path = System/Library/Frameworks/ImageIO.framework; sourceTree = SDKROOT; };
		170B041F206344E5009C203B /* CoreMotion.framework */ = {isa = PBXFileReference; lastKnownFileType = wrapper.framework; name = CoreMotion.framework; path = System/Library/Frameworks/CoreMotion.framework; sourceTree = SDKROOT; };
		170B0421206344EF009C203B /* CoreLocation.framework */ = {isa = PBXFileReference; lastKnownFileType = wrapper.framework; name = CoreLocation.framework; path = System/Library/Frameworks/CoreLocation.framework; sourceTree = SDKROOT; };
		170B0423206344F8009C203B /* CoreTelephony.framework */ = {isa = PBXFileReference; lastKnownFileType = wrapper.framework; name = CoreTelephony.framework; path = System/Library/Frameworks/CoreTelephony.framework; sourceTree = SDKROOT; };
		170B042520634500009C203B /* MediaPlayer.framework */ = {isa = PBXFileReference; lastKnownFileType = wrapper.framework; name = MediaPlayer.framework; path = System/Library/Frameworks/MediaPlayer.framework; sourceTree = SDKROOT; };
		170B042720634508009C203B /* AVFoundation.framework */ = {isa = PBXFileReference; lastKnownFileType = wrapper.framework; name = AVFoundation.framework; path = System/Library/Frameworks/AVFoundation.framework; sourceTree = SDKROOT; };
		170B042920634510009C203B /* SystemConfiguration.framework */ = {isa = PBXFileReference; lastKnownFileType = wrapper.framework; name = SystemConfiguration.framework; path = System/Library/Frameworks/SystemConfiguration.framework; sourceTree = SDKROOT; };
		170B042B2063451A009C203B /* JavaScriptCore.framework */ = {isa = PBXFileReference; lastKnownFileType = wrapper.framework; name = JavaScriptCore.framework; path = System/Library/Frameworks/JavaScriptCore.framework; sourceTree = SDKROOT; };
		170B042D20634522009C203B /* Security.framework */ = {isa = PBXFileReference; lastKnownFileType = wrapper.framework; name = Security.framework; path = System/Library/Frameworks/Security.framework; sourceTree = SDKROOT; };
		170B042F2063452A009C203B /* OpenGLES.framework */ = {isa = PBXFileReference; lastKnownFileType = wrapper.framework; name = OpenGLES.framework; path = System/Library/Frameworks/OpenGLES.framework; sourceTree = SDKROOT; };
		170B043120634533009C203B /* GLKit.framework */ = {isa = PBXFileReference; lastKnownFileType = wrapper.framework; name = GLKit.framework; path = System/Library/Frameworks/GLKit.framework; sourceTree = SDKROOT; };
		170B043320634547009C203B /* libstdc++.6.0.9.tbd */ = {isa = PBXFileReference; lastKnownFileType = "sourcecode.text-based-dylib-definition"; name = "libstdc++.6.0.9.tbd"; path = "usr/lib/libstdc++.6.0.9.tbd"; sourceTree = SDKROOT; };
		170B043520634562009C203B /* libc++.tbd */ = {isa = PBXFileReference; lastKnownFileType = "sourcecode.text-based-dylib-definition"; name = "libc++.tbd"; path = "usr/lib/libc++.tbd"; sourceTree = SDKROOT; };
		170B04372063456D009C203B /* libsqlite3.0.tbd */ = {isa = PBXFileReference; lastKnownFileType = "sourcecode.text-based-dylib-definition"; name = libsqlite3.0.tbd; path = usr/lib/libsqlite3.0.tbd; sourceTree = SDKROOT; };
		170B04392063457C009C203B /* libz.1.2.5.tbd */ = {isa = PBXFileReference; lastKnownFileType = "sourcecode.text-based-dylib-definition"; name = libz.1.2.5.tbd; path = usr/lib/libz.1.2.5.tbd; sourceTree = SDKROOT; };
		170B045620634997009C203B /* MainViewController.h */ = {isa = PBXFileReference; lastKnownFileType = sourcecode.c.h; path = MainViewController.h; sourceTree = "<group>"; };
		170B045720634997009C203B /* MainViewController.m */ = {isa = PBXFileReference; lastKnownFileType = sourcecode.c.objc; path = MainViewController.m; sourceTree = "<group>"; };
		170B0459206355B6009C203B /* PhoneGPSViewController.h */ = {isa = PBXFileReference; lastKnownFileType = sourcecode.c.h; path = PhoneGPSViewController.h; sourceTree = "<group>"; };
		170B045A206355B6009C203B /* PhoneGPSViewController.m */ = {isa = PBXFileReference; lastKnownFileType = sourcecode.c.objc; path = PhoneGPSViewController.m; sourceTree = "<group>"; };
		17CB1C182063A012005F6A5E /* updatelog.txt */ = {isa = PBXFileReference; fileEncoding = 4; lastKnownFileType = text; path = updatelog.txt; sourceTree = "<group>"; };
		17CB1C1A2063A012005F6A5E /* BNRoutePlanModel.h */ = {isa = PBXFileReference; fileEncoding = 4; lastKnownFileType = sourcecode.c.h; path = BNRoutePlanModel.h; sourceTree = "<group>"; };
		17CB1C1B2063A012005F6A5E /* BNCoreServices.h */ = {isa = PBXFileReference; fileEncoding = 4; lastKnownFileType = sourcecode.c.h; path = BNCoreServices.h; sourceTree = "<group>"; };
		17CB1C1C2063A012005F6A5E /* BNLocation.h */ = {isa = PBXFileReference; fileEncoding = 4; lastKnownFileType = sourcecode.c.h; path = BNLocation.h; sourceTree = "<group>"; };
		17CB1C1D2063A012005F6A5E /* BNRoutePlanManagerProtocol.h */ = {isa = PBXFileReference; fileEncoding = 4; lastKnownFileType = sourcecode.c.h; path = BNRoutePlanManagerProtocol.h; sourceTree = "<group>"; };
		17CB1C1E2063A012005F6A5E /* BNCommonDef.h */ = {isa = PBXFileReference; fileEncoding = 4; lastKnownFileType = sourcecode.c.h; path = BNCommonDef.h; sourceTree = "<group>"; };
		17CB1C1F2063A012005F6A5E /* BNStrategyManagerProtocol.h */ = {isa = PBXFileReference; fileEncoding = 4; lastKnownFileType = sourcecode.c.h; path = BNStrategyManagerProtocol.h; sourceTree = "<group>"; };
		17CB1C202063A012005F6A5E /* BNUIManagerProtocol.h */ = {isa = PBXFileReference; fileEncoding = 4; lastKnownFileType = sourcecode.c.h; path = BNUIManagerProtocol.h; sourceTree = "<group>"; };
		17CB1C212063A012005F6A5E /* BNLocationManagerProtocol.h */ = {isa = PBXFileReference; fileEncoding = 4; lastKnownFileType = sourcecode.c.h; path = BNLocationManagerProtocol.h; sourceTree = "<group>"; };
		17CB1C222063A012005F6A5E /* BNaviModel.h */ = {isa = PBXFileReference; fileEncoding = 4; lastKnownFileType = sourcecode.c.h; path = BNaviModel.h; sourceTree = "<group>"; };
		17CB1C232063A012005F6A5E /* baiduNaviSDK.bundle */ = {isa = PBXFileReference; lastKnownFileType = "wrapper.plug-in"; path = baiduNaviSDK.bundle; sourceTree = "<group>"; };
		17CB1C242063A012005F6A5E /* baiduNaviSDK.xcassets */ = {isa = PBXFileReference; lastKnownFileType = folder.assetcatalog; path = baiduNaviSDK.xcassets; sourceTree = "<group>"; };
		17CB1C252063A012005F6A5E /* readme.txt */ = {isa = PBXFileReference; fileEncoding = 4; lastKnownFileType = text; path = readme.txt; sourceTree = "<group>"; };
		17CB1C272063A013005F6A5E /* libcrypto.a */ = {isa = PBXFileReference; lastKnownFileType = archive.ar; path = libcrypto.a; sourceTree = "<group>"; };
		17CB1C282063A013005F6A5E /* libssl.a */ = {isa = PBXFileReference; lastKnownFileType = archive.ar; path = libssl.a; sourceTree = "<group>"; };
/* End PBXFileReference section */

/* Begin PBXFrameworksBuildPhase section */
		170B03DD20634397009C203B /* Frameworks */ = {
			isa = PBXFrameworksBuildPhase;
			buildActionMask = 2147483647;
			files = (
				170B043A2063457C009C203B /* libz.1.2.5.tbd in Frameworks */,
				170B04382063456D009C203B /* libsqlite3.0.tbd in Frameworks */,
				170B043620634562009C203B /* libc++.tbd in Frameworks */,
				170B043420634547009C203B /* libstdc++.6.0.9.tbd in Frameworks */,
				170B043220634533009C203B /* GLKit.framework in Frameworks */,
				170B04302063452A009C203B /* OpenGLES.framework in Frameworks */,
				170B042E20634522009C203B /* Security.framework in Frameworks */,
				170B042C2063451A009C203B /* JavaScriptCore.framework in Frameworks */,
				17CB1C2D2063A013005F6A5E /* libcrypto.a in Frameworks */,
				170B042A20634510009C203B /* SystemConfiguration.framework in Frameworks */,
				170B042820634508009C203B /* AVFoundation.framework in Frameworks */,
				170B042620634500009C203B /* MediaPlayer.framework in Frameworks */,
				170B0424206344F8009C203B /* CoreTelephony.framework in Frameworks */,
				170B0422206344EF009C203B /* CoreLocation.framework in Frameworks */,
				170B0420206344E5009C203B /* CoreMotion.framework in Frameworks */,
				170B041E206344DC009C203B /* ImageIO.framework in Frameworks */,
				170B041C206344D3009C203B /* AudioToolbox.framework in Frameworks */,
				17CB1C2E2063A013005F6A5E /* libssl.a in Frameworks */,
				170B041A206344CA009C203B /* UserNotifications.framework in Frameworks */,
			);
			runOnlyForDeploymentPostprocessing = 0;
		};
		170B03F820634397009C203B /* Frameworks */ = {
			isa = PBXFrameworksBuildPhase;
			buildActionMask = 2147483647;
			files = (
			);
			runOnlyForDeploymentPostprocessing = 0;
		};
		170B040320634397009C203B /* Frameworks */ = {
			isa = PBXFrameworksBuildPhase;
			buildActionMask = 2147483647;
			files = (
			);
			runOnlyForDeploymentPostprocessing = 0;
		};
/* End PBXFrameworksBuildPhase section */

/* Begin PBXGroup section */
		170B03D720634397009C203B = {
			isa = PBXGroup;
			children = (
				170B03E220634397009C203B /* ZZPBaiDuNaviDemo */,
				170B03FE20634397009C203B /* ZZPBaiDuNaviDemoTests */,
				170B040920634397009C203B /* ZZPBaiDuNaviDemoUITests */,
				170B03E120634397009C203B /* Products */,
				170B0418206344CA009C203B /* Frameworks */,
			);
			sourceTree = "<group>";
		};
		170B03E120634397009C203B /* Products */ = {
			isa = PBXGroup;
			children = (
				170B03E020634397009C203B /* ZZPBaiDuNaviDemo.app */,
				170B03FB20634397009C203B /* ZZPBaiDuNaviDemoTests.xctest */,
				170B040620634397009C203B /* ZZPBaiDuNaviDemoUITests.xctest */,
			);
			name = Products;
			sourceTree = "<group>";
		};
		170B03E220634397009C203B /* ZZPBaiDuNaviDemo */ = {
			isa = PBXGroup;
			children = (
				170B045520634969009C203B /* Controller */,
				170B043B206345B8009C203B /* BaiduNaviSDK */,
				170B03E320634397009C203B /* AppDelegate.h */,
				170B03E420634397009C203B /* AppDelegate.m */,
				170B03E620634397009C203B /* ViewController.h */,
				170B03E720634397009C203B /* ViewController.m */,
				170B03E920634397009C203B /* Main.storyboard */,
				170B03EF20634397009C203B /* Assets.xcassets */,
				170B03F120634397009C203B /* LaunchScreen.storyboard */,
				170B03F420634397009C203B /* Info.plist */,
				170B03F520634397009C203B /* main.m */,
				170B03EC20634397009C203B /* ZZPBaiDuNaviDemo.xcdatamodeld */,
			);
			path = ZZPBaiDuNaviDemo;
			sourceTree = "<group>";
		};
		170B03FE20634397009C203B /* ZZPBaiDuNaviDemoTests */ = {
			isa = PBXGroup;
			children = (
				170B03FF20634397009C203B /* ZZPBaiDuNaviDemoTests.m */,
				170B040120634397009C203B /* Info.plist */,
			);
			path = ZZPBaiDuNaviDemoTests;
			sourceTree = "<group>";
		};
		170B040920634397009C203B /* ZZPBaiDuNaviDemoUITests */ = {
			isa = PBXGroup;
			children = (
				170B040A20634397009C203B /* ZZPBaiDuNaviDemoUITests.m */,
				170B040C20634397009C203B /* Info.plist */,
			);
			path = ZZPBaiDuNaviDemoUITests;
			sourceTree = "<group>";
		};
		170B0418206344CA009C203B /* Frameworks */ = {
			isa = PBXGroup;
			children = (
				170B04392063457C009C203B /* libz.1.2.5.tbd */,
				170B04372063456D009C203B /* libsqlite3.0.tbd */,
				170B043520634562009C203B /* libc++.tbd */,
				170B043320634547009C203B /* libstdc++.6.0.9.tbd */,
				170B043120634533009C203B /* GLKit.framework */,
				170B042F2063452A009C203B /* OpenGLES.framework */,
				170B042D20634522009C203B /* Security.framework */,
				170B042B2063451A009C203B /* JavaScriptCore.framework */,
				170B042920634510009C203B /* SystemConfiguration.framework */,
				170B042720634508009C203B /* AVFoundation.framework */,
				170B042520634500009C203B /* MediaPlayer.framework */,
				170B0423206344F8009C203B /* CoreTelephony.framework */,
				170B0421206344EF009C203B /* CoreLocation.framework */,
				170B041F206344E5009C203B /* CoreMotion.framework */,
				170B041D206344DC009C203B /* ImageIO.framework */,
				170B041B206344D3009C203B /* AudioToolbox.framework */,
				170B0419206344CA009C203B /* UserNotifications.framework */,
			);
			name = Frameworks;
			sourceTree = "<group>";
		};
		170B043B206345B8009C203B /* BaiduNaviSDK */ = {
			isa = PBXGroup;
			children = (
				17CB1C232063A012005F6A5E /* baiduNaviSDK.bundle */,
				17CB1C242063A012005F6A5E /* baiduNaviSDK.xcassets */,
				17CB1C192063A012005F6A5E /* inc */,
				17CB1C252063A012005F6A5E /* readme.txt */,
				17CB1C262063A013005F6A5E /* thirdlibs */,
				17CB1C182063A012005F6A5E /* updatelog.txt */,
			);
			path = BaiduNaviSDK;
			sourceTree = "<group>";
		};
		170B045520634969009C203B /* Controller */ = {
			isa = PBXGroup;
			children = (
				170B045620634997009C203B /* MainViewController.h */,
				170B045720634997009C203B /* MainViewController.m */,
				170B0459206355B6009C203B /* PhoneGPSViewController.h */,
				170B045A206355B6009C203B /* PhoneGPSViewController.m */,
			);
			path = Controller;
			sourceTree = "<group>";
		};
		17CB1C192063A012005F6A5E /* inc */ = {
			isa = PBXGroup;
			children = (
				17CB1C1A2063A012005F6A5E /* BNRoutePlanModel.h */,
				17CB1C1B2063A012005F6A5E /* BNCoreServices.h */,
				17CB1C1C2063A012005F6A5E /* BNLocation.h */,
				17CB1C1D2063A012005F6A5E /* BNRoutePlanManagerProtocol.h */,
				17CB1C1E2063A012005F6A5E /* BNCommonDef.h */,
				17CB1C1F2063A012005F6A5E /* BNStrategyManagerProtocol.h */,
				17CB1C202063A012005F6A5E /* BNUIManagerProtocol.h */,
				17CB1C212063A012005F6A5E /* BNLocationManagerProtocol.h */,
				17CB1C222063A012005F6A5E /* BNaviModel.h */,
			);
			path = inc;
			sourceTree = "<group>";
		};
		17CB1C262063A013005F6A5E /* thirdlibs */ = {
			isa = PBXGroup;
			children = (
				17CB1C272063A013005F6A5E /* libcrypto.a */,
				17CB1C282063A013005F6A5E /* libssl.a */,
			);
			path = thirdlibs;
			sourceTree = "<group>";
		};
/* End PBXGroup section */

/* Begin PBXNativeTarget section */
		170B03DF20634397009C203B /* ZZPBaiDuNaviDemo */ = {
			isa = PBXNativeTarget;
			buildConfigurationList = 170B040F20634397009C203B /* Build configuration list for PBXNativeTarget "ZZPBaiDuNaviDemo" */;
			buildPhases = (
				170B03DC20634397009C203B /* Sources */,
				170B03DD20634397009C203B /* Frameworks */,
				170B03DE20634397009C203B /* Resources */,
			);
			buildRules = (
			);
			dependencies = (
			);
			name = ZZPBaiDuNaviDemo;
			productName = ZZPBaiDuNaviDemo;
			productReference = 170B03E020634397009C203B /* ZZPBaiDuNaviDemo.app */;
			productType = "com.apple.product-type.application";
		};
		170B03FA20634397009C203B /* ZZPBaiDuNaviDemoTests */ = {
			isa = PBXNativeTarget;
			buildConfigurationList = 170B041220634397009C203B /* Build configuration list for PBXNativeTarget "ZZPBaiDuNaviDemoTests" */;
			buildPhases = (
				170B03F720634397009C203B /* Sources */,
				170B03F820634397009C203B /* Frameworks */,
				170B03F920634397009C203B /* Resources */,
			);
			buildRules = (
			);
			dependencies = (
				170B03FD20634397009C203B /* PBXTargetDependency */,
			);
			name = ZZPBaiDuNaviDemoTests;
			productName = ZZPBaiDuNaviDemoTests;
			productReference = 170B03FB20634397009C203B /* ZZPBaiDuNaviDemoTests.xctest */;
			productType = "com.apple.product-type.bundle.unit-test";
		};
		170B040520634397009C203B /* ZZPBaiDuNaviDemoUITests */ = {
			isa = PBXNativeTarget;
			buildConfigurationList = 170B041520634397009C203B /* Build configuration list for PBXNativeTarget "ZZPBaiDuNaviDemoUITests" */;
			buildPhases = (
				170B040220634397009C203B /* Sources */,
				170B040320634397009C203B /* Frameworks */,
				170B040420634397009C203B /* Resources */,
			);
			buildRules = (
			);
			dependencies = (
				170B040820634397009C203B /* PBXTargetDependency */,
			);
			name = ZZPBaiDuNaviDemoUITests;
			productName = ZZPBaiDuNaviDemoUITests;
			productReference = 170B040620634397009C203B /* ZZPBaiDuNaviDemoUITests.xctest */;
			productType = "com.apple.product-type.bundle.ui-testing";
		};
/* End PBXNativeTarget section */

/* Begin PBXProject section */
		170B03D820634397009C203B /* Project object */ = {
			isa = PBXProject;
			attributes = {
				LastUpgradeCheck = 0920;
				ORGANIZATIONNAME = ZZP;
				TargetAttributes = {
					170B03DF20634397009C203B = {
						CreatedOnToolsVersion = 9.2;
						ProvisioningStyle = Automatic;
					};
					170B03FA20634397009C203B = {
						CreatedOnToolsVersion = 9.2;
						ProvisioningStyle = Automatic;
						TestTargetID = 170B03DF20634397009C203B;
					};
					170B040520634397009C203B = {
						CreatedOnToolsVersion = 9.2;
						ProvisioningStyle = Automatic;
						TestTargetID = 170B03DF20634397009C203B;
					};
				};
			};
			buildConfigurationList = 170B03DB20634397009C203B /* Build configuration list for PBXProject "ZZPBaiDuNaviDemo" */;
			compatibilityVersion = "Xcode 8.0";
			developmentRegion = en;
			hasScannedForEncodings = 0;
			knownRegions = (
				en,
				Base,
			);
			mainGroup = 170B03D720634397009C203B;
			productRefGroup = 170B03E120634397009C203B /* Products */;
			projectDirPath = "";
			projectRoot = "";
			targets = (
				170B03DF20634397009C203B /* ZZPBaiDuNaviDemo */,
				170B03FA20634397009C203B /* ZZPBaiDuNaviDemoTests */,
				170B040520634397009C203B /* ZZPBaiDuNaviDemoUITests */,
			);
		};
/* End PBXProject section */

/* Begin PBXResourcesBuildPhase section */
		170B03DE20634397009C203B /* Resources */ = {
			isa = PBXResourcesBuildPhase;
			buildActionMask = 2147483647;
			files = (
				17CB1C2B2063A013005F6A5E /* baiduNaviSDK.xcassets in Resources */,
				17CB1C292063A013005F6A5E /* updatelog.txt in Resources */,
				17CB1C2A2063A013005F6A5E /* baiduNaviSDK.bundle in Resources */,
				170B03F320634397009C203B /* LaunchScreen.storyboard in Resources */,
				17CB1C2C2063A013005F6A5E /* readme.txt in Resources */,
				170B03F020634397009C203B /* Assets.xcassets in Resources */,
				170B03EB20634397009C203B /* Main.storyboard in Resources */,
			);
			runOnlyForDeploymentPostprocessing = 0;
		};
		170B03F920634397009C203B /* Resources */ = {
			isa = PBXResourcesBuildPhase;
			buildActionMask = 2147483647;
			files = (
			);
			runOnlyForDeploymentPostprocessing = 0;
		};
		170B040420634397009C203B /* Resources */ = {
			isa = PBXResourcesBuildPhase;
			buildActionMask = 2147483647;
			files = (
			);
			runOnlyForDeploymentPostprocessing = 0;
		};
/* End PBXResourcesBuildPhase section */

/* Begin PBXSourcesBuildPhase section */
		170B03DC20634397009C203B /* Sources */ = {
			isa = PBXSourcesBuildPhase;
			buildActionMask = 2147483647;
			files = (
				170B03EE20634397009C203B /* ZZPBaiDuNaviDemo.xcdatamodeld in Sources */,
				170B03E820634397009C203B /* ViewController.m in Sources */,
				170B045B206355B6009C203B /* PhoneGPSViewController.m in Sources */,
				170B03F620634397009C203B /* main.m in Sources */,
				170B045820634997009C203B /* MainViewController.m in Sources */,
				170B03E520634397009C203B /* AppDelegate.m in Sources */,
			);
			runOnlyForDeploymentPostprocessing = 0;
		};
		170B03F720634397009C203B /* Sources */ = {
			isa = PBXSourcesBuildPhase;
			buildActionMask = 2147483647;
			files = (
				170B040020634397009C203B /* ZZPBaiDuNaviDemoTests.m in Sources */,
			);
			runOnlyForDeploymentPostprocessing = 0;
		};
		170B040220634397009C203B /* Sources */ = {
			isa = PBXSourcesBuildPhase;
			buildActionMask = 2147483647;
			files = (
				170B040B20634397009C203B /* ZZPBaiDuNaviDemoUITests.m in Sources */,
			);
			runOnlyForDeploymentPostprocessing = 0;
		};
/* End PBXSourcesBuildPhase section */

/* Begin PBXTargetDependency section */
		170B03FD20634397009C203B /* PBXTargetDependency */ = {
			isa = PBXTargetDependency;
			target = 170B03DF20634397009C203B /* ZZPBaiDuNaviDemo */;
			targetProxy = 170B03FC20634397009C203B /* PBXContainerItemProxy */;
		};
		170B040820634397009C203B /* PBXTargetDependency */ = {
			isa = PBXTargetDependency;
			target = 170B03DF20634397009C203B /* ZZPBaiDuNaviDemo */;
			targetProxy = 170B040720634397009C203B /* PBXContainerItemProxy */;
		};
/* End PBXTargetDependency section */

/* Begin PBXVariantGroup section */
		170B03E920634397009C203B /* Main.storyboard */ = {
			isa = PBXVariantGroup;
			children = (
				170B03EA20634397009C203B /* Base */,
			);
			name = Main.storyboard;
			sourceTree = "<group>";
		};
		170B03F120634397009C203B /* LaunchScreen.storyboard */ = {
			isa = PBXVariantGroup;
			children = (
				170B03F220634397009C203B /* Base */,
			);
			name = LaunchScreen.storyboard;
			sourceTree = "<group>";
		};
/* End PBXVariantGroup section */

/* Begin XCBuildConfiguration section */
		170B040D20634397009C203B /* Debug */ = {
			isa = XCBuildConfiguration;
			buildSettings = {
				ALWAYS_SEARCH_USER_PATHS = NO;
				CLANG_ANALYZER_NONNULL = YES;
				CLANG_ANALYZER_NUMBER_OBJECT_CONVERSION = YES_AGGRESSIVE;
				CLANG_CXX_LANGUAGE_STANDARD = "gnu++14";
				CLANG_CXX_LIBRARY = "libc++";
				CLANG_ENABLE_MODULES = YES;
				CLANG_ENABLE_OBJC_ARC = YES;
				CLANG_WARN_BLOCK_CAPTURE_AUTORELEASING = YES;
				CLANG_WARN_BOOL_CONVERSION = YES;
				CLANG_WARN_COMMA = YES;
				CLANG_WARN_CONSTANT_CONVERSION = YES;
				CLANG_WARN_DIRECT_OBJC_ISA_USAGE = YES_ERROR;
				CLANG_WARN_DOCUMENTATION_COMMENTS = YES;
				CLANG_WARN_EMPTY_BODY = YES;
				CLANG_WARN_ENUM_CONVERSION = YES;
				CLANG_WARN_INFINITE_RECURSION = YES;
				CLANG_WARN_INT_CONVERSION = YES;
				CLANG_WARN_NON_LITERAL_NULL_CONVERSION = YES;
				CLANG_WARN_OBJC_LITERAL_CONVERSION = YES;
				CLANG_WARN_OBJC_ROOT_CLASS = YES_ERROR;
				CLANG_WARN_RANGE_LOOP_ANALYSIS = YES;
				CLANG_WARN_STRICT_PROTOTYPES = YES;
				CLANG_WARN_SUSPICIOUS_MOVE = YES;
				CLANG_WARN_UNGUARDED_AVAILABILITY = YES_AGGRESSIVE;
				CLANG_WARN_UNREACHABLE_CODE = YES;
				CLANG_WARN__DUPLICATE_METHOD_MATCH = YES;
				CODE_SIGN_IDENTITY = "iPhone Developer";
				COPY_PHASE_STRIP = NO;
				DEBUG_INFORMATION_FORMAT = dwarf;
				ENABLE_STRICT_OBJC_MSGSEND = YES;
				ENABLE_TESTABILITY = YES;
				GCC_C_LANGUAGE_STANDARD = gnu11;
				GCC_DYNAMIC_NO_PIC = NO;
				GCC_NO_COMMON_BLOCKS = YES;
				GCC_OPTIMIZATION_LEVEL = 0;
				GCC_PREPROCESSOR_DEFINITIONS = (
					"DEBUG=1",
					"$(inherited)",
				);
				GCC_WARN_64_TO_32_BIT_CONVERSION = YES;
				GCC_WARN_ABOUT_RETURN_TYPE = YES_ERROR;
				GCC_WARN_UNDECLARED_SELECTOR = YES;
				GCC_WARN_UNINITIALIZED_AUTOS = YES_AGGRESSIVE;
				GCC_WARN_UNUSED_FUNCTION = YES;
				GCC_WARN_UNUSED_VARIABLE = YES;
				IPHONEOS_DEPLOYMENT_TARGET = 11.2;
				MTL_ENABLE_DEBUG_INFO = YES;
				ONLY_ACTIVE_ARCH = YES;
				SDKROOT = iphoneos;
			};
			name = Debug;
		};
		170B040E20634397009C203B /* Release */ = {
			isa = XCBuildConfiguration;
			buildSettings = {
				ALWAYS_SEARCH_USER_PATHS = NO;
				CLANG_ANALYZER_NONNULL = YES;
				CLANG_ANALYZER_NUMBER_OBJECT_CONVERSION = YES_AGGRESSIVE;
				CLANG_CXX_LANGUAGE_STANDARD = "gnu++14";
				CLANG_CXX_LIBRARY = "libc++";
				CLANG_ENABLE_MODULES = YES;
				CLANG_ENABLE_OBJC_ARC = YES;
				CLANG_WARN_BLOCK_CAPTURE_AUTORELEASING = YES;
				CLANG_WARN_BOOL_CONVERSION = YES;
				CLANG_WARN_COMMA = YES;
				CLANG_WARN_CONSTANT_CONVERSION = YES;
				CLANG_WARN_DIRECT_OBJC_ISA_USAGE = YES_ERROR;
				CLANG_WARN_DOCUMENTATION_COMMENTS = YES;
				CLANG_WARN_EMPTY_BODY = YES;
				CLANG_WARN_ENUM_CONVERSION = YES;
				CLANG_WARN_INFINITE_RECURSION = YES;
				CLANG_WARN_INT_CONVERSION = YES;
				CLANG_WARN_NON_LITERAL_NULL_CONVERSION = YES;
				CLANG_WARN_OBJC_LITERAL_CONVERSION = YES;
				CLANG_WARN_OBJC_ROOT_CLASS = YES_ERROR;
				CLANG_WARN_RANGE_LOOP_ANALYSIS = YES;
				CLANG_WARN_STRICT_PROTOTYPES = YES;
				CLANG_WARN_SUSPICIOUS_MOVE = YES;
				CLANG_WARN_UNGUARDED_AVAILABILITY = YES_AGGRESSIVE;
				CLANG_WARN_UNREACHABLE_CODE = YES;
				CLANG_WARN__DUPLICATE_METHOD_MATCH = YES;
				CODE_SIGN_IDENTITY = "iPhone Developer";
				COPY_PHASE_STRIP = NO;
				DEBUG_INFORMATION_FORMAT = "dwarf-with-dsym";
				ENABLE_NS_ASSERTIONS = NO;
				ENABLE_STRICT_OBJC_MSGSEND = YES;
				GCC_C_LANGUAGE_STANDARD = gnu11;
				GCC_NO_COMMON_BLOCKS = YES;
				GCC_WARN_64_TO_32_BIT_CONVERSION = YES;
				GCC_WARN_ABOUT_RETURN_TYPE = YES_ERROR;
				GCC_WARN_UNDECLARED_SELECTOR = YES;
				GCC_WARN_UNINITIALIZED_AUTOS = YES_AGGRESSIVE;
				GCC_WARN_UNUSED_FUNCTION = YES;
				GCC_WARN_UNUSED_VARIABLE = YES;
				IPHONEOS_DEPLOYMENT_TARGET = 11.2;
				MTL_ENABLE_DEBUG_INFO = NO;
				SDKROOT = iphoneos;
				VALIDATE_PRODUCT = YES;
			};
			name = Release;
		};
		170B041020634397009C203B /* Debug */ = {
			isa = XCBuildConfiguration;
			buildSettings = {
				ASSETCATALOG_COMPILER_APPICON_NAME = AppIcon;
				CODE_SIGN_STYLE = Automatic;
				DEVELOPMENT_TEAM = ZUUNW48BU4;
				INFOPLIST_FILE = ZZPBaiDuNaviDemo/Info.plist;
				IPHONEOS_DEPLOYMENT_TARGET = 10.2;
				LD_RUNPATH_SEARCH_PATHS = "$(inherited) @executable_path/Frameworks";
				LIBRARY_SEARCH_PATHS = (
					"$(inherited)",
					"$(PROJECT_DIR)/ZZPBaiDuNaviDemo/BaiduNaviSDK/thirdlibs",
					"$(PROJECT_DIR)/ZZPBaiDuNaviDemo/BaiduNaviSDK",
				);
				OTHER_LDFLAGS = "-ObjC";
				PRODUCT_BUNDLE_IDENTIFIER = MAC.ZZPBaiDuNaviDemo;
				PRODUCT_NAME = "$(TARGET_NAME)";
				TARGETED_DEVICE_FAMILY = "1,2";
			};
			name = Debug;
		};
		170B041120634397009C203B /* Release */ = {
			isa = XCBuildConfiguration;
			buildSettings = {
				ASSETCATALOG_COMPILER_APPICON_NAME = AppIcon;
				CODE_SIGN_STYLE = Automatic;
				DEVELOPMENT_TEAM = ZUUNW48BU4;
				INFOPLIST_FILE = ZZPBaiDuNaviDemo/Info.plist;
				IPHONEOS_DEPLOYMENT_TARGET = 10.2;
				LD_RUNPATH_SEARCH_PATHS = "$(inherited) @executable_path/Frameworks";
				LIBRARY_SEARCH_PATHS = (
					"$(inherited)",
					"$(PROJECT_DIR)/ZZPBaiDuNaviDemo/BaiduNaviSDK/thirdlibs",
					"$(PROJECT_DIR)/ZZPBaiDuNaviDemo/BaiduNaviSDK",
				);
				OTHER_LDFLAGS = "-ObjC";
				PRODUCT_BUNDLE_IDENTIFIER = MAC.ZZPBaiDuNaviDemo;
				PRODUCT_NAME = "$(TARGET_NAME)";
				TARGETED_DEVICE_FAMILY = "1,2";
			};
			name = Release;
		};
		170B041320634397009C203B /* Debug */ = {
			isa = XCBuildConfiguration;
			buildSettings = {
				BUNDLE_LOADER = "$(TEST_HOST)";
				CODE_SIGN_STYLE = Automatic;
				DEVELOPMENT_TEAM = ZUUNW48BU4;
				INFOPLIST_FILE = ZZPBaiDuNaviDemoTests/Info.plist;
				LD_RUNPATH_SEARCH_PATHS = "$(inherited) @executable_path/Frameworks @loader_path/Frameworks";
				PRODUCT_BUNDLE_IDENTIFIER = MAC.ZZPBaiDuNaviDemoTests;
				PRODUCT_NAME = "$(TARGET_NAME)";
				TARGETED_DEVICE_FAMILY = "1,2";
				TEST_HOST = "$(BUILT_PRODUCTS_DIR)/ZZPBaiDuNaviDemo.app/ZZPBaiDuNaviDemo";
			};
			name = Debug;
		};
		170B041420634397009C203B /* Release */ = {
			isa = XCBuildConfiguration;
			buildSettings = {
				BUNDLE_LOADER = "$(TEST_HOST)";
				CODE_SIGN_STYLE = Automatic;
				DEVELOPMENT_TEAM = ZUUNW48BU4;
				INFOPLIST_FILE = ZZPBaiDuNaviDemoTests/Info.plist;
				LD_RUNPATH_SEARCH_PATHS = "$(inherited) @executable_path/Frameworks @loader_path/Frameworks";
				PRODUCT_BUNDLE_IDENTIFIER = MAC.ZZPBaiDuNaviDemoTests;
				PRODUCT_NAME = "$(TARGET_NAME)";
				TARGETED_DEVICE_FAMILY = "1,2";
				TEST_HOST = "$(BUILT_PRODUCTS_DIR)/ZZPBaiDuNaviDemo.app/ZZPBaiDuNaviDemo";
			};
			name = Release;
		};
		170B041620634397009C203B /* Debug */ = {
			isa = XCBuildConfiguration;
			buildSettings = {
				CODE_SIGN_STYLE = Automatic;
				DEVELOPMENT_TEAM = ZUUNW48BU4;
				INFOPLIST_FILE = ZZPBaiDuNaviDemoUITests/Info.plist;
				LD_RUNPATH_SEARCH_PATHS = "$(inherited) @executable_path/Frameworks @loader_path/Frameworks";
				PRODUCT_BUNDLE_IDENTIFIER = MAC.ZZPBaiDuNaviDemoUITests;
				PRODUCT_NAME = "$(TARGET_NAME)";
				TARGETED_DEVICE_FAMILY = "1,2";
				TEST_TARGET_NAME = ZZPBaiDuNaviDemo;
			};
			name = Debug;
		};
		170B041720634397009C203B /* Release */ = {
			isa = XCBuildConfiguration;
			buildSettings = {
				CODE_SIGN_STYLE = Automatic;
				DEVELOPMENT_TEAM = ZUUNW48BU4;
				INFOPLIST_FILE = ZZPBaiDuNaviDemoUITests/Info.plist;
				LD_RUNPATH_SEARCH_PATHS = "$(inherited) @executable_path/Frameworks @loader_path/Frameworks";
				PRODUCT_BUNDLE_IDENTIFIER = MAC.ZZPBaiDuNaviDemoUITests;
				PRODUCT_NAME = "$(TARGET_NAME)";
				TARGETED_DEVICE_FAMILY = "1,2";
				TEST_TARGET_NAME = ZZPBaiDuNaviDemo;
			};
			name = Release;
		};
/* End XCBuildConfiguration section */

/* Begin XCConfigurationList section */
		170B03DB20634397009C203B /* Build configuration list for PBXProject "ZZPBaiDuNaviDemo" */ = {
			isa = XCConfigurationList;
			buildConfigurations = (
				170B040D20634397009C203B /* Debug */,
				170B040E20634397009C203B /* Release */,
			);
			defaultConfigurationIsVisible = 0;
			defaultConfigurationName = Release;
		};
		170B040F20634397009C203B /* Build configuration list for PBXNativeTarget "ZZPBaiDuNaviDemo" */ = {
			isa = XCConfigurationList;
			buildConfigurations = (
				170B041020634397009C203B /* Debug */,
				170B041120634397009C203B /* Release */,
			);
			defaultConfigurationIsVisible = 0;
			defaultConfigurationName = Release;
		};
		170B041220634397009C203B /* Build configuration list for PBXNativeTarget "ZZPBaiDuNaviDemoTests" */ = {
			isa = XCConfigurationList;
			buildConfigurations = (
				170B041320634397009C203B /* Debug */,
				170B041420634397009C203B /* Release */,
			);
			defaultConfigurationIsVisible = 0;
			defaultConfigurationName = Release;
		};
		170B041520634397009C203B /* Build configuration list for PBXNativeTarget "ZZPBaiDuNaviDemoUITests" */ = {
			isa = XCConfigurationList;
			buildConfigurations = (
				170B041620634397009C203B /* Debug */,
				170B041720634397009C203B /* Release */,
			);
			defaultConfigurationIsVisible = 0;
			defaultConfigurationName = Release;
		};
/* End XCConfigurationList section */

/* Begin XCVersionGroup section */
		170B03EC20634397009C203B /* ZZPBaiDuNaviDemo.xcdatamodeld */ = {
			isa = XCVersionGroup;
			children = (
				170B03ED20634397009C203B /* ZZPBaiDuNaviDemo.xcdatamodel */,
			);
			currentVersion = 170B03ED20634397009C203B /* ZZPBaiDuNaviDemo.xcdatamodel */;
			path = ZZPBaiDuNaviDemo.xcdatamodeld;
			sourceTree = "<group>";
			versionGroupType = wrapper.xcdatamodel;
		};
/* End XCVersionGroup section */
	};
	rootObject = 170B03D820634397009C203B /* Project object */;
}
